
Microsoft Visual Studio Solution File, Format Version 12.00
# Visual Studio Version 16
VisualStudioVersion = 16.0.31129.286
MinimumVisualStudioVersion = 10.0.40219.1
Project("{FAE04EC0-301F-11D3-BF4B-00C04F79EFBC}") = "SchoolManagement", "SchoolManagement\SchoolManagement.csproj", "{0251E996-F602-4FDF-824E-7BAA8AAEAB24}"
EndProject
Global
	GlobalSection(SolutionConfigurationPlatforms) = preSolution
		Debug|Any CPU = Debug|Any CPU
		Release|Any CPU = Release|Any CPU
	EndGlobalSection
	GlobalSection(ProjectConfigurationPlatforms) = postSolution
		{0251E996-F602-4FDF-824E-7BAA8AAEAB24}.Debug|Any CPU.ActiveCfg = Debug|Any CPU
		{0251E996-F602-4FDF-824E-7BAA8AAEAB24}.Debug|Any CPU.Build.0 = Debug|Any CPU
		{0251E996-F602-4FDF-824E-7BAA8AAEAB24}.Release|Any CPU.ActiveCfg = Release|Any CPU
		{0251E996-F602-4FDF-824E-7BAA8AAEAB24}.Release|Any CPU.Build.0 = Release|Any CPU
	EndGlobalSection
	GlobalSection(SolutionProperties) = preSolution
		HideSolutionNode = FALSE
	EndGlobalSection
	GlobalSection(ExtensibilityGlobals) = postSolution
		SolutionGuid = {5D752862-7814-482C-8529-A6D827552773}
	EndGlobalSection
EndGlobal
